
Microsoft Visual Studio Solution File, Format Version 12.00
Project("{FAE04EC0-301F-11D3-BF4B-00C04F79EFBC}") = "HowMuchLeft", "HowMuchLeft\HowMuchLeft.csproj", "{987A001A-26FB-4D54-BF9C-436F4E000D49}"
EndProject
Global
	GlobalSection(SolutionConfigurationPlatforms) = preSolution
		Debug|Any CPU = Debug|Any CPU
		Release|Any CPU = Release|Any CPU
	EndGlobalSection
	GlobalSection(ProjectConfigurationPlatforms) = postSolution
		{987A001A-26FB-4D54-BF9C-436F4E000D49}.Debug|Any CPU.ActiveCfg = Debug|Any CPU
		{987A001A-26FB-4D54-BF9C-436F4E000D49}.Debug|Any CPU.Build.0 = Debug|Any CPU
		{987A001A-26FB-4D54-BF9C-436F4E000D49}.Release|Any CPU.ActiveCfg = Release|Any CPU
		{987A001A-26FB-4D54-BF9C-436F4E000D49}.Release|Any CPU.Build.0 = Release|Any CPU
	EndGlobalSection
EndGlobal
